<?xml version="1.0" encoding="utf-8"?>
<Project ToolsVersion="4.0" xmlns="http://schemas.microsoft.com/developer/msbuild/2003">
  <ItemGroup>
    <Filter Include="Source Files">
      <UniqueIdentifier>{ea9ef6b5-69d2-4141-91cd-1ea6f464bc9d}</UniqueIdentifier>
      <Extensions>cpp;c;cxx;rc;def;r;odl;idl;hpj;bat</Extensions>
    </Filter>
    <Filter Include="Header Files">
      <UniqueIdentifier>{c2ceed27-29a9-4b4f-b76e-1ee4b3e2a4f2}</UniqueIdentifier>
      <Extensions>h;hpp;hxx;hm;inl</Extensions>
    </Filter>
    <Filter Include="Resource Files">
      <UniqueIdentifier>{4ae5946c-6959-4da3-a228-433eaeb12913}</UniqueIdentifier>
      <Extensions>ico;cur;bmp;dlg;rc2;rct;bin;rgs;gif;jpg;jpeg;jpe</Extensions>
    </Filter>
  </ItemGroup>
  <ItemGroup>
    <ClCompile Include="alignment.cpp">
      <Filter>Source Files</Filter>
    </ClCompile>
    <ClCompile Include="Apogee.cpp">
      <Filter>Source Files</Filter>
    </ClCompile>
    <ClCompile Include="artemis.cpp">
      <Filter>Source Files</Filter>
    </ClCompile>
    <ClCompile Include="ASCOMCamera.cpp">
      <Filter>Source Files</Filter>
    </ClCompile>
    <ClCompile Include="ASCOMLateCamera.cpp">
      <Filter>Source Files</Filter>
    </ClCompile>
    <ClCompile Include="autoalign.cpp">
      <Filter>Source Files</Filter>
    </ClCompile>
    <ClCompile Include="camels.cpp">
      <Filter>Source Files</Filter>
    </ClCompile>
    <ClCompile Include="camera.cpp">
      <Filter>Source Files</Filter>
    </ClCompile>
    <ClCompile Include="canon_cr2.cpp">
      <Filter>Source Files</Filter>
    </ClCompile>
    <ClCompile Include="CanonDSLR.cpp">
      <Filter>Source Files</Filter>
    </ClCompile>
    <ClCompile Include="CIM.cpp">
      <Filter>Source Files</Filter>
    </ClCompile>
    <ClCompile Include="clock.cpp">
      <Filter>Source Files</Filter>
    </ClCompile>
    <ClCompile Include="code_check.cpp">
      <Filter>Source Files</Filter>
    </ClCompile>
    <ClCompile Include="debayer.cpp">
      <Filter>Source Files</Filter>
    </ClCompile>
    <ClCompile Include="display.cpp">
      <Filter>Source Files</Filter>
    </ClCompile>
    <ClCompile Include="drizzle.cpp">
      <Filter>Source Files</Filter>
    </ClCompile>
    <ClCompile Include="DSSView.cpp">
      <Filter>Source Files</Filter>
    </ClCompile>
    <ClCompile Include="DSUSB.cpp">
      <Filter>Source Files</Filter>
    </ClCompile>
    <ClCompile Include="ext_filterwheel.cpp">
      <Filter>Source Files</Filter>
    </ClCompile>
    <ClCompile Include="file_tools.cpp">
      <Filter>Source Files</Filter>
    </ClCompile>
    <ClCompile Include="FLI.cpp">
      <Filter>Source Files</Filter>
    </ClCompile>
    <ClCompile Include="focus.cpp">
      <Filter>Source Files</Filter>
    </ClCompile>
    <ClCompile Include="focuser.cpp">
      <Filter>Source Files</Filter>
    </ClCompile>
    <ClCompile Include="geometry.cpp">
      <Filter>Source Files</Filter>
    </ClCompile>
    <ClCompile Include="greyc.cpp">
      <Filter>Source Files</Filter>
    </ClCompile>
    <ClCompile Include="image_io.cpp">
      <Filter>Source Files</Filter>
    </ClCompile>
    <ClCompile Include="image_manip.cpp">
      <Filter>Source Files</Filter>
    </ClCompile>
    <ClCompile Include="image_math.cpp">
      <Filter>Source Files</Filter>
    </ClCompile>
    <ClCompile Include="LRGB.cpp">
      <Filter>Source Files</Filter>
    </ClCompile>
    <ClCompile Include="main_classes.cpp">
      <Filter>Source Files</Filter>
    </ClCompile>
    <ClCompile Include="manual_color_camera.cpp">
      <Filter>Source Files</Filter>
    </ClCompile>
    <ClCompile Include="MeadeDSI.cpp">
      <Filter>Source Files</Filter>
    </ClCompile>
    <ClCompile Include="mersenne.cpp">
      <Filter>Source Files</Filter>
    </ClCompile>
    <ClCompile Include="Moravian.cpp">
      <Filter>Source Files</Filter>
    </ClCompile>
    <ClCompile Include="Nebulosity.cpp">
      <Filter>Source Files</Filter>
    </ClCompile>
    <ClCompile Include="Opticstar130.cpp">
      <Filter>Source Files</Filter>
    </ClCompile>
    <ClCompile Include="Opticstar142.cpp">
      <Filter>Source Files</Filter>
    </ClCompile>
    <ClCompile Include="Opticstar142c.cpp">
      <Filter>Source Files</Filter>
    </ClCompile>
    <ClCompile Include="Opticstar145.cpp">
      <Filter>Source Files</Filter>
    </ClCompile>
    <ClCompile Include="Opticstar335.cpp">
      <Filter>Source Files</Filter>
    </ClCompile>
    <ClCompile Include="Opticstar336.cpp">
      <Filter>Source Files</Filter>
    </ClCompile>
    <ClCompile Include="Opticstar615.cpp">
      <Filter>Source Files</Filter>
    </ClCompile>
    <ClCompile Include="preferences.cpp">
      <Filter>Source Files</Filter>
    </ClCompile>
    <ClCompile Include="preprocess.cpp">
      <Filter>Source Files</Filter>
    </ClCompile>
    <ClCompile Include="preview.cpp">
      <Filter>Source Files</Filter>
    </ClCompile>
    <ClCompile Include="Q8HR.cpp">
      <Filter>Source Files</Filter>
    </ClCompile>
    <ClCompile Include="qhy268.cpp">
      <Filter>Source Files</Filter>
    </ClCompile>
    <ClCompile Include="QHY2Pro.cpp">
      <Filter>Source Files</Filter>
    </ClCompile>
    <ClCompile Include="QHY8Pro.cpp">
      <Filter>Source Files</Filter>
    </ClCompile>
    <ClCompile Include="qhy9.cpp">
      <Filter>Source Files</Filter>
    </ClCompile>
    <ClCompile Include="QSI500.cpp">
      <Filter>Source Files</Filter>
    </ClCompile>
    <ClCompile Include="quality.cpp">
      <Filter>Source Files</Filter>
    </ClCompile>
    <ClCompile Include="reconstruct.cpp">
      <Filter>Source Files</Filter>
    </ClCompile>
    <ClCompile Include="sac10.cpp">
      <Filter>Source Files</Filter>
    </ClCompile>
    <ClCompile Include="SAC78.CPP">
      <Filter>Source Files</Filter>
    </ClCompile>
    <ClCompile Include="SBIG.cpp">
      <Filter>Source Files</Filter>
    </ClCompile>
    <ClCompile Include="scripts.cpp">
      <Filter>Source Files</Filter>
    </ClCompile>
    <ClCompile Include="setup_tools.cpp">
      <Filter>Source Files</Filter>
    </ClCompile>
    <ClCompile Include="simulator.cpp">
      <Filter>Source Files</Filter>
    </ClCompile>
    <ClCompile Include="Starfish.cpp">
      <Filter>Source Files</Filter>
    </ClCompile>
    <ClCompile Include="Starshoot.cpp">
      <Filter>Source Files</Filter>
    </ClCompile>
    <ClCompile Include="SXV.cpp">
      <Filter>Source Files</Filter>
    </ClCompile>
    <ClCompile Include="macro.cpp">
      <Filter>Source Files</Filter>
    </ClCompile>
    <ClCompile Include="cameras\ArtemisHSCAPI.cpp">
      <Filter>Source Files</Filter>
    </ClCompile>
    <ClCompile Include="QHY10.cpp">
      <Filter>Source Files</Filter>
    </ClCompile>
    <ClCompile Include="QHY12.cpp">
      <Filter>Source Files</Filter>
    </ClCompile>
    <ClCompile Include="QHY8L.cpp">
      <Filter>Source Files</Filter>
    </ClCompile>
    <ClCompile Include="Opticstar616.cpp">
      <Filter>Source Files</Filter>
    </ClCompile>
    <ClCompile Include="atik_OSX_WindowsCrap.cpp">
      <Filter>Source Files</Filter>
    </ClCompile>
    <ClCompile Include="WDM.cpp">
      <Filter>Source Files</Filter>
    </ClCompile>
    <ClCompile Include="ASCOM_DDE.cpp">
      <Filter>Source Files</Filter>
    </ClCompile>
  </ItemGroup>
  <ItemGroup>
    <ResourceCompile Include="Nebulosity.rc">
      <Filter>Source Files</Filter>
    </ResourceCompile>
  </ItemGroup>
  <ItemGroup>
    <ClInclude Include="alignment.h">
      <Filter>Header Files</Filter>
    </ClInclude>
    <ClInclude Include="Apogee.h">
      <Filter>Header Files</Filter>
    </ClInclude>
    <ClInclude Include="artemis.h">
      <Filter>Header Files</Filter>
    </ClInclude>
    <ClInclude Include="ASCOMCamera.h">
      <Filter>Header Files</Filter>
    </ClInclude>
    <ClInclude Include="autoalign.h">
      <Filter>Header Files</Filter>
    </ClInclude>
    <ClInclude Include="cam_class.h">
      <Filter>Header Files</Filter>
    </ClInclude>
    <ClInclude Include="camels.h">
      <Filter>Header Files</Filter>
    </ClInclude>
    <ClInclude Include="camera.h">
      <Filter>Header Files</Filter>
    </ClInclude>
    <ClInclude Include="CanonDSLR.h">
      <Filter>Header Files</Filter>
    </ClInclude>
    <ClInclude Include="debayer.h">
      <Filter>Header Files</Filter>
    </ClInclude>
    <ClInclude Include="DSUSB.h">
      <Filter>Header Files</Filter>
    </ClInclude>
    <ClInclude Include="ext_filterwheel.h">
      <Filter>Header Files</Filter>
    </ClInclude>
    <ClInclude Include="file_tools.h">
      <Filter>Header Files</Filter>
    </ClInclude>
    <ClInclude Include="FLI.h">
      <Filter>Header Files</Filter>
    </ClInclude>
    <ClInclude Include="focus.h">
      <Filter>Header Files</Filter>
    </ClInclude>
    <ClInclude Include="focuser.h">
      <Filter>Header Files</Filter>
    </ClInclude>
    <ClInclude Include="image_math.h">
      <Filter>Header Files</Filter>
    </ClInclude>
    <ClInclude Include="LRGB.h">
      <Filter>Header Files</Filter>
    </ClInclude>
    <ClInclude Include="main_classes.h">
      <Filter>Header Files</Filter>
    </ClInclude>
    <ClInclude Include="MeadeDSI.h">
      <Filter>Header Files</Filter>
    </ClInclude>
    <ClInclude Include="Moravian.h">
      <Filter>Header Files</Filter>
    </ClInclude>
    <ClInclude Include="Nebulosity.h">
      <Filter>Header Files</Filter>
    </ClInclude>
    <ClInclude Include="Opticstar130.h">
      <Filter>Header Files</Filter>
    </ClInclude>
    <ClInclude Include="Opticstar142.h">
      <Filter>Header Files</Filter>
    </ClInclude>
    <ClInclude Include="Opticstar142c.h">
      <Filter>Header Files</Filter>
    </ClInclude>
    <ClInclude Include="Opticstar145.h">
      <Filter>Header Files</Filter>
    </ClInclude>
    <ClInclude Include="Opticstar335.h">
      <Filter>Header Files</Filter>
    </ClInclude>
    <ClInclude Include="Opticstar336.h">
      <Filter>Header Files</Filter>
    </ClInclude>
    <ClInclude Include="Opticstar615.h">
      <Filter>Header Files</Filter>
    </ClInclude>
    <ClInclude Include="preferences.h">
      <Filter>Header Files</Filter>
    </ClInclude>
    <ClInclude Include="Q8HR.h">
      <Filter>Header Files</Filter>
    </ClInclude>
    <ClInclude Include="qhy268.h">
      <Filter>Header Files</Filter>
    </ClInclude>
    <ClInclude Include="QHY2Pro.h">
      <Filter>Header Files</Filter>
    </ClInclude>
    <ClInclude Include="QHY8Pro.h">
      <Filter>Header Files</Filter>
    </ClInclude>
    <ClInclude Include="qhy9.h">
      <Filter>Header Files</Filter>
    </ClInclude>
    <ClInclude Include="QSI500.h">
      <Filter>Header Files</Filter>
    </ClInclude>
    <ClInclude Include="quality.h">
      <Filter>Header Files</Filter>
    </ClInclude>
    <ClInclude Include="sac10.h">
      <Filter>Header Files</Filter>
    </ClInclude>
    <ClInclude Include="SAC78.H">
      <Filter>Header Files</Filter>
    </ClInclude>
    <ClInclude Include="SACStarShoot.h">
      <Filter>Header Files</Filter>
    </ClInclude>
    <ClInclude Include="SBIG.h">
      <Filter>Header Files</Filter>
    </ClInclude>
    <ClInclude Include="setup_tools.h">
      <Filter>Header Files</Filter>
    </ClInclude>
    <ClInclude Include="simulator.h">
      <Filter>Header Files</Filter>
    </ClInclude>
    <ClInclude Include="Starfish.h">
      <Filter>Header Files</Filter>
    </ClInclude>
    <ClInclude Include="StarShootDLL.h">
      <Filter>Header Files</Filter>
    </ClInclude>
    <ClInclude Include="SXV.h">
      <Filter>Header Files</Filter>
    </ClInclude>
    <ClInclude Include="macro.h">
      <Filter>Header Files</Filter>
    </ClInclude>
    <ClInclude Include="QHY10.h">
      <Filter>Header Files</Filter>
    </ClInclude>
    <ClInclude Include="QHY12.h">
      <Filter>Header Files</Filter>
    </ClInclude>
    <ClInclude Include="QHY8L.h">
      <Filter>Header Files</Filter>
    </ClInclude>
    <ClInclude Include="Opticstar616.h">
      <Filter>Header Files</Filter>
    </ClInclude>
    <ClInclude Include="atik_OSX.h">
      <Filter>Header Files</Filter>
    </ClInclude>
    <ClInclude Include="WDM.h">
      <Filter>Header Files</Filter>
    </ClInclude>
    <ClInclude Include="ASCOM_DDE.h">
      <Filter>Header Files</Filter>
    </ClInclude>
  </ItemGroup>
  <ItemGroup>
    <None Include="at_curs1.cur">
      <Filter>Resource Files</Filter>
    </None>
    <None Include="at_curs2.cur">
      <Filter>Resource Files</Filter>
    </None>
    <None Include="atools.ico">
      <Filter>Resource Files</Filter>
    </None>
    <None Include="wx\msw\blank.cur">
      <Filter>Resource Files</Filter>
    </None>
    <None Include="wx\msw\bullseye.cur">
      <Filter>Resource Files</Filter>
    </None>
    <None Include="wx\msw\cdrom.ico">
      <Filter>Resource Files</Filter>
    </None>
    <None Include="wx\msw\computer.ico">
      <Filter>Resource Files</Filter>
    </None>
    <None Include="wx\msw\cross.cur">
      <Filter>Resource Files</Filter>
    </None>
    <None Include="wx\msw\drive.ico">
      <Filter>Resource Files</Filter>
    </None>
    <None Include="wx\msw\file1.ico">
      <Filter>Resource Files</Filter>
    </None>
    <None Include="wx\msw\floppy.ico">
      <Filter>Resource Files</Filter>
    </None>
    <None Include="wx\msw\folder1.ico">
      <Filter>Resource Files</Filter>
    </None>
    <None Include="wx\msw\folder2.ico">
      <Filter>Resource Files</Filter>
    </None>
    <None Include="wx\msw\hand.cur">
      <Filter>Resource Files</Filter>
    </None>
    <None Include="wx\msw\magnif1.cur">
      <Filter>Resource Files</Filter>
    </None>
    <None Include="wx\msw\pbrush.cur">
      <Filter>Resource Files</Filter>
    </None>
    <None Include="wx\msw\pencil.cur">
      <Filter>Resource Files</Filter>
    </None>
    <None Include="wx\msw\pntleft.cur">
      <Filter>Resource Files</Filter>
    </None>
    <None Include="wx\msw\pntright.cur">
      <Filter>Resource Files</Filter>
    </None>
    <None Include="wx\msw\removble.ico">
      <Filter>Resource Files</Filter>
    </None>
    <None Include="wx\msw\rightarr.cur">
      <Filter>Resource Files</Filter>
    </None>
    <None Include="wx\msw\roller.cur">
      <Filter>Resource Files</Filter>
    </None>
  </ItemGroup>
</Project>